
Microsoft Visual Studio Solution File, Format Version 12.00
# Visual Studio Version 17
VisualStudioVersion = 17.4.33110.190
MinimumVisualStudioVersion = 10.0.40219.1
Project("{FAE04EC0-301F-11D3-BF4B-00C04F79EFBC}") = "GenericMyList", "GenericMyList\GenericMyList.csproj", "{1C3FBC56-CD27-478F-8B32-3ED0A45638DB}"
EndProject
Project("{FAE04EC0-301F-11D3-BF4B-00C04F79EFBC}") = "Service", "Service\Service.csproj", "{2199A1C0-D4DF-4395-98DC-611D1ED989F5}"
EndProject
Project("{FAE04EC0-301F-11D3-BF4B-00C04F79EFBC}") = "Domain", "Domain\Domain.csproj", "{9BA7B826-055B-4B46-8D58-2A945998944D}"
EndProject
Global
	GlobalSection(SolutionConfigurationPlatforms) = preSolution
		Debug|Any CPU = Debug|Any CPU
		Release|Any CPU = Release|Any CPU
	EndGlobalSection
	GlobalSection(ProjectConfigurationPlatforms) = postSolution
		{1C3FBC56-CD27-478F-8B32-3ED0A45638DB}.Debug|Any CPU.ActiveCfg = Debug|Any CPU
		{1C3FBC56-CD27-478F-8B32-3ED0A45638DB}.Debug|Any CPU.Build.0 = Debug|Any CPU
		{1C3FBC56-CD27-478F-8B32-3ED0A45638DB}.Release|Any CPU.ActiveCfg = Release|Any CPU
		{1C3FBC56-CD27-478F-8B32-3ED0A45638DB}.Release|Any CPU.Build.0 = Release|Any CPU
		{2199A1C0-D4DF-4395-98DC-611D1ED989F5}.Debug|Any CPU.ActiveCfg = Debug|Any CPU
		{2199A1C0-D4DF-4395-98DC-611D1ED989F5}.Debug|Any CPU.Build.0 = Debug|Any CPU
		{2199A1C0-D4DF-4395-98DC-611D1ED989F5}.Release|Any CPU.ActiveCfg = Release|Any CPU
		{2199A1C0-D4DF-4395-98DC-611D1ED989F5}.Release|Any CPU.Build.0 = Release|Any CPU
		{9BA7B826-055B-4B46-8D58-2A945998944D}.Debug|Any CPU.ActiveCfg = Debug|Any CPU
		{9BA7B826-055B-4B46-8D58-2A945998944D}.Debug|Any CPU.Build.0 = Debug|Any CPU
		{9BA7B826-055B-4B46-8D58-2A945998944D}.Release|Any CPU.ActiveCfg = Release|Any CPU
		{9BA7B826-055B-4B46-8D58-2A945998944D}.Release|Any CPU.Build.0 = Release|Any CPU
	EndGlobalSection
	GlobalSection(SolutionProperties) = preSolution
		HideSolutionNode = FALSE
	EndGlobalSection
	GlobalSection(ExtensibilityGlobals) = postSolution
		SolutionGuid = {B607F6FE-AB58-40C3-94B0-0A5C1A754251}
	EndGlobalSection
EndGlobal
